{
  "name": "browserslist-config-nebenan",
  "version": "1.0.0-beta.0",
  "lockfileVersion": 1,
  "requires": true,
  "dependencies": {
    "browserslist": {
      "version": "4.14.6",
      "resolved": "https://registry.npmjs.org/browserslist/-/browserslist-4.14.6.tgz",
      "integrity": "sha512-zeFYcUo85ENhc/zxHbiIp0LGzzTrE2Pv2JhxvS7kpUb9Q9D38kUX6Bie7pGutJ/5iF5rOxE7CepAuWD56xJ33A==",
      "dev": true,
      "requires": {
        "caniuse-lite": "^1.0.30001154",
        "electron-to-chromium": "^1.3.585",
        "escalade": "^3.1.1",
        "node-releases": "^1.1.65"
      }
    },
    "caniuse-lite": {
      "version": "1.0.30001156",
      "resolved": "https://registry.npmjs.org/caniuse-lite/-/caniuse-lite-1.0.30001156.tgz",
      "integrity": "sha512-z7qztybA2eFZTB6Z3yvaQBIoJpQtsewRD74adw2UbRWwsRq3jIPvgrQGawBMbfafekQaD21FWuXNcywtTDGGCw==",
      "dev": true
    },
    "electron-to-chromium": {
      "version": "1.3.588",
      "resolved": "https://registry.npmjs.org/electron-to-chromium/-/electron-to-chromium-1.3.588.tgz",
      "integrity": "sha512-0zr+ZfytnLeJZxGgmEpPTcItu5Mm4A5zHPZXLfHcGp0mdsk95rmD7ePNewYtK1yIdLbk8Z1U2oTRRfOtR4gbYg==",
      "dev": true
    },
    "escalade": {
      "version": "3.1.1",
      "resolved": "https://registry.npmjs.org/escalade/-/escalade-3.1.1.tgz",
      "integrity": "sha512-k0er2gUkLf8O0zKJiAhmkTnJlTvINGv7ygDNPbeIsX/TJjGJZHuh9B2UxbsaEkmlEo9MfhrSzmhIlhRlI2GXnw==",
      "dev": true
    },
    "node-releases": {
      "version": "1.1.65",
      "resolved": "https://registry.npmjs.org/node-releases/-/node-releases-1.1.65.tgz",
      "integrity": "sha512-YpzJOe2WFIW0V4ZkJQd/DGR/zdVwc/pI4Nl1CZrBO19FdRcSTmsuhdttw9rsTzzJLrNcSloLiBbEYx1C4f6gpA==",
      "dev": true
    }
  }
}
